
Microsoft Visual Studio Solution File, Format Version 12.00
# Visual Studio Version 16
VisualStudioVersion = 16.0.31321.278
MinimumVisualStudioVersion = 10.0.40219.1
Project("{FAE04EC0-301F-11D3-BF4B-00C04F79EFBC}") = "Zadanie3", "Zadanie3\Zadanie3.csproj", "{40F25BB5-5A35-417D-B4E2-6993A7B7356A}"
EndProject
Global
	GlobalSection(SolutionConfigurationPlatforms) = preSolution
		Debug|Any CPU = Debug|Any CPU
		Release|Any CPU = Release|Any CPU
	EndGlobalSection
	GlobalSection(ProjectConfigurationPlatforms) = postSolution
		{40F25BB5-5A35-417D-B4E2-6993A7B7356A}.Debug|Any CPU.ActiveCfg = Debug|Any CPU
		{40F25BB5-5A35-417D-B4E2-6993A7B7356A}.Debug|Any CPU.Build.0 = Debug|Any CPU
		{40F25BB5-5A35-417D-B4E2-6993A7B7356A}.Release|Any CPU.ActiveCfg = Release|Any CPU
		{40F25BB5-5A35-417D-B4E2-6993A7B7356A}.Release|Any CPU.Build.0 = Release|Any CPU
	EndGlobalSection
	GlobalSection(SolutionProperties) = preSolution
		HideSolutionNode = FALSE
	EndGlobalSection
	GlobalSection(ExtensibilityGlobals) = postSolution
		SolutionGuid = {45566D72-B2E0-482D-A0C7-CBEE518BD9C3}
	EndGlobalSection
EndGlobal
